
Microsoft Visual Studio Solution File, Format Version 12.00
# Visual Studio Version 16
VisualStudioVersion = 16.0.30225.117
MinimumVisualStudioVersion = 10.0.40219.1
Project("{FAE04EC0-301F-11D3-BF4B-00C04F79EFBC}") = "WebApplication1", "WebApplication1\WebApplication1.csproj", "{FE121B4D-F049-4E11-9D54-02C1C3E0A9CC}"
EndProject
Global
	GlobalSection(SolutionConfigurationPlatforms) = preSolution
		Debug|Any CPU = Debug|Any CPU
		Release|Any CPU = Release|Any CPU
	EndGlobalSection
	GlobalSection(ProjectConfigurationPlatforms) = postSolution
		{FE121B4D-F049-4E11-9D54-02C1C3E0A9CC}.Debug|Any CPU.ActiveCfg = Debug|Any CPU
		{FE121B4D-F049-4E11-9D54-02C1C3E0A9CC}.Debug|Any CPU.Build.0 = Debug|Any CPU
		{FE121B4D-F049-4E11-9D54-02C1C3E0A9CC}.Release|Any CPU.ActiveCfg = Release|Any CPU
		{FE121B4D-F049-4E11-9D54-02C1C3E0A9CC}.Release|Any CPU.Build.0 = Release|Any CPU
	EndGlobalSection
	GlobalSection(SolutionProperties) = preSolution
		HideSolutionNode = FALSE
	EndGlobalSection
	GlobalSection(ExtensibilityGlobals) = postSolution
		SolutionGuid = {23195DF8-E586-4095-8E93-3EBFDE78B44B}
	EndGlobalSection
EndGlobal
